{
  "nodes": {
    "nixpkgs": {
      "locked": {
        "lastModified": 1743638030,
        "narHash": "sha256-0MRCsNOF7vqAtVfP9LZlG2MOIp7EiFcK1LO1rQXbfiw=",
        "owner": "NixOS",
        "repo": "nixpkgs",
        "rev": "5051ae6744b993fcfab221e8bd38f8bc26f88393",
        "type": "github"
      },
      "original": {
        "owner": "NixOS",
        "repo": "nixpkgs",
        "rev": "5051ae6744b993fcfab221e8bd38f8bc26f88393",
        "type": "github"
      }
    },
    "root": {
      "inputs": {
        "nixpkgs": "nixpkgs"
      }
    }
  },
  "root": "root",
  "version": 7
}
