{
  "nodes": {
    "nixpkgs": {
      "locked": {
        "lastModified": 1763927997,
        "narHash": "sha256-exWM223/zmAJ94mHdIcf7KVXydlz5w4xgBLwTLPEzSI=",
        "owner": "NixOS",
        "repo": "nixpkgs",
        "rev": "3fd758b24d9f5079e5e46a44d26f00a27950f2d6",
        "type": "github"
      },
      "original": {
        "owner": "NixOS",
        "ref": "nixpkgs-25.05-darwin",
        "repo": "nixpkgs",
        "type": "github"
      }
    },
    "nixpkgs-25_05": {
      "locked": {
        "lastModified": 1763927997,
        "narHash": "sha256-exWM223/zmAJ94mHdIcf7KVXydlz5w4xgBLwTLPEzSI=",
        "owner": "NixOS",
        "repo": "nixpkgs",
        "rev": "3fd758b24d9f5079e5e46a44d26f00a27950f2d6",
        "type": "github"
      },
      "original": {
        "owner": "NixOS",
        "ref": "nixpkgs-25.05-darwin",
        "repo": "nixpkgs",
        "type": "github"
      }
    },
    "nixpkgs-unstable-2025_11_22": {
      "locked": {
        "lastModified": 1763835633,
        "narHash": "sha256-HzxeGVID5MChuCPESuC0dlQL1/scDKu+MmzoVBJxulM=",
        "owner": "NixOS",
        "repo": "nixpkgs",
        "rev": "050e09e091117c3d7328c7b2b7b577492c43c134",
        "type": "github"
      },
      "original": {
        "owner": "NixOS",
        "repo": "nixpkgs",
        "rev": "050e09e091117c3d7328c7b2b7b577492c43c134",
        "type": "github"
      }
    },
    "root": {
      "inputs": {
        "nixpkgs": "nixpkgs",
        "nixpkgs-25_05": "nixpkgs-25_05",
        "nixpkgs-unstable-2025_11_22": "nixpkgs-unstable-2025_11_22"
      }
    }
  },
  "root": "root",
  "version": 7
}
